<?xml version="1.0" encoding="UTF-8" standalone="yes" ?>
<CodeBlocks_project_file>
	<FileVersion major="1" minor="6" />
	<Project>
		<Option title="Fear Of The Dark" />
		<Option pch_mode="2" />
		<Option compiler="gcc" />
		<Build>
			<Target title="Debug">
				<Option output="bin/Debug/Fear Of The Dark" prefix_auto="1" extension_auto="1" />
				<Option object_output="obj/Debug/" />
				<Option type="1" />
				<Option compiler="gcc" />
				<Compiler>
					<Add option="-g" />
					<Add option="-DDEV_CONTROLS" />
					<Add directory="Items" />
					<Add directory="Code" />
					<Add directory="Code/Entities" />
					<Add directory="Code/QuestSystem" />
					<Add directory="include" />
				</Compiler>
			</Target>
			<Target title="Release">
				<Option output="bin/Release/Fear Of The Dark" prefix_auto="1" extension_auto="1" />
				<Option object_output="obj/Release/" />
				<Option type="1" />
				<Option compiler="gcc" />
				<Compiler>
					<Add option="-fexpensive-optimizations" />
					<Add option="-flto" />
					<Add option="-O3" />
					<Add option="-fPIC" />
					<Add directory="Items" />
					<Add directory="Code" />
					<Add directory="Code/Entities" />
					<Add directory="Code/QuestSystem" />
					<Add directory="include" />
				</Compiler>
				<Linker>
					<Add option="-flto" />
					<Add option="-s" />
				</Linker>
			</Target>
			<Target title="DebugVB">
				<Option output="bin/Debug/Fear Of The Dark" prefix_auto="1" extension_auto="1" />
				<Option object_output="obj/Debug/" />
				<Option type="1" />
				<Option compiler="gcc" />
				<Compiler>
					<Add option="-g" />
					<Add option="-v" />
					<Add option="-DDEV_CONTROLS" />
					<Add directory="Items" />
					<Add directory="Code" />
					<Add directory="Code/Entities" />
					<Add directory="Code/QuestSystem" />
					<Add directory="include" />
				</Compiler>
			</Target>
		</Build>
		<Compiler>
			<Add option="-Wall" />
			<Add option="-std=c++14" />
			<Add option="-fexceptions" />
			<Add directory="../../GLEngine" />
		</Compiler>
		<Linker>
			<Add option="../../GLEngine/bin/Release/libGLEngine.a" />
			<Add option="-lCEGUIBase-0" />
			<Add option="-lCEGUIOpenGLRenderer-0" />
			<Add option="-lSDL2" />
			<Add option="-lSDL2_mixer" />
			<Add option="-lSDL2_ttf" />
			<Add option="-lGL" />
			<Add option="-lGLU" />
			<Add option="-lGLEW" />
			<Add option="-lstdc++fs" />
			<Add directory="../../GLEngine" />
		</Linker>
		<Unit filename="../Assets/Art/Animations/Readme.txt" />
		<Unit filename="../Assets/Art/Concept/Readme.txt" />
		<Unit filename="../Assets/Art/Entities/Readme.txt" />
		<Unit filename="../Assets/Art/Spritesheets/Readme.txt" />
		<Unit filename="../Assets/GUI/Player/Cursor.png" />
		<Unit filename="../Assets/GUI/Player/Hotbar.png" />
		<Unit filename="../Assets/GUI/Player/HotbarBox.png~" />
		<Unit filename="../Assets/GUI/Player/HotbarSelection.png" />
		<Unit filename="../Assets/GUI/Player/Inventory.png" />
		<Unit filename="../Assets/GUI/animations/GameMenu.anims" />
		<Unit filename="../Assets/GUI/animations/example.anims" />
		<Unit filename="../Assets/GUI/fonts/Amatic/Amatic-22.font" />
		<Unit filename="../Assets/GUI/fonts/Amatic/Amatic-26.font" />
		<Unit filename="../Assets/GUI/fonts/Amatic/Amatic-30.font" />
		<Unit filename="../Assets/GUI/fonts/Amatic/Amatic-34.font" />
		<Unit filename="../Assets/GUI/fonts/Amatic/Amatic-38.font" />
		<Unit filename="../Assets/GUI/fonts/Amatic/Amatic-42.font" />
		<Unit filename="../Assets/GUI/fonts/Amatic/Amatic-Bold.ttf" />
		<Unit filename="../Assets/GUI/fonts/Amatic/Amatic-TitleSize.font" />
		<Unit filename="../Assets/GUI/fonts/Amatic/Amatic.ttf" />
		<Unit filename="../Assets/GUI/fonts/Amatic/AmaticBold-22.font" />
		<Unit filename="../Assets/GUI/fonts/Batang-18.font" />
		<Unit filename="../Assets/GUI/fonts/CreepyFont1-22.font" />
		<Unit filename="../Assets/GUI/fonts/CreepyFont1.ttf" />
		<Unit filename="../Assets/GUI/fonts/DejaVuSans-10-NoScale.font" />
		<Unit filename="../Assets/GUI/fonts/DejaVuSans-10.font" />
		<Unit filename="../Assets/GUI/fonts/DejaVuSans-12-NoScale.font" />
		<Unit filename="../Assets/GUI/fonts/DejaVuSans-12.font" />
		<Unit filename="../Assets/GUI/fonts/DejaVuSans-14-NoScale.font" />
		<Unit filename="../Assets/GUI/fonts/DejaVuSans-14.font" />
		<Unit filename="../Assets/GUI/fonts/DejaVuSans.ttf" />
		<Unit filename="../Assets/GUI/fonts/DejaVuSerif.ttf" />
		<Unit filename="../Assets/GUI/fonts/FairChar-30.font" />
		<Unit filename="../Assets/GUI/fonts/FetteClassicUNZFraktur.ttf" />
		<Unit filename="../Assets/GUI/fonts/Futhark Adapted.ttf" />
		<Unit filename="../Assets/GUI/fonts/GreatVibes-16.font" />
		<Unit filename="../Assets/GUI/fonts/GreatVibes-22.font" />
		<Unit filename="../Assets/GUI/fonts/GreatVibes-Regular.ttf" />
		<Unit filename="../Assets/GUI/fonts/IMFePIrm29P.ttf" />
		<Unit filename="../Assets/GUI/fonts/Junicode-13.font" />
		<Unit filename="../Assets/GUI/fonts/Junicode.ttf" />
		<Unit filename="../Assets/GUI/fonts/Jura-10.font" />
		<Unit filename="../Assets/GUI/fonts/Jura-13.font" />
		<Unit filename="../Assets/GUI/fonts/Jura-18.font" />
		<Unit filename="../Assets/GUI/fonts/Jura-DemiBold.ttf" />
		<Unit filename="../Assets/GUI/fonts/Jura-Light.ttf" />
		<Unit filename="../Assets/GUI/fonts/Jura-Medium.ttf" />
		<Unit filename="../Assets/GUI/fonts/Jura-Regular.ttf" />
		<Unit filename="../Assets/GUI/fonts/Klingon-pIqaD-HaSta.ttf" />
		<Unit filename="../Assets/GUI/fonts/Legal.txt" />
		<Unit filename="../Assets/GUI/fonts/LicenseApache.txt" />
		<Unit filename="../Assets/GUI/fonts/LicenseDejaVu.txt" />
		<Unit filename="../Assets/GUI/fonts/LicenseGPL.txt" />
		<Unit filename="../Assets/GUI/fonts/LicenseMIT.txt" />
		<Unit filename="../Assets/GUI/fonts/LicenseSIL.txt" />
		<Unit filename="../Assets/GUI/fonts/LicenseUbuntuFont.txt" />
		<Unit filename="../Assets/GUI/fonts/QuietHorror-118.font" />
		<Unit filename="../Assets/GUI/fonts/QuietHorror-22.font" />
		<Unit filename="../Assets/GUI/fonts/QuietHorror-26.font" />
		<Unit filename="../Assets/GUI/fonts/QuietHorror-30.font" />
		<Unit filename="../Assets/GUI/fonts/QuietHorror-34.font" />
		<Unit filename="../Assets/GUI/fonts/QuietHorror-38.font" />
		<Unit filename="../Assets/GUI/fonts/QuietHorror-42.font" />
		<Unit filename="../Assets/GUI/fonts/QuietHorror.ttf" />
		<Unit filename="../Assets/GUI/fonts/RichStyle.ttf" />
		<Unit filename="../Assets/GUI/fonts/Tnua-Libre.ttf" />
		<Unit filename="../Assets/GUI/fonts/batang.ttf" />
		<Unit filename="../Assets/GUI/fonts/mizufalp.ttf" />
		<Unit filename="../Assets/GUI/imagesets/AlfiskoSkin.imageset" />
		<Unit filename="../Assets/GUI/imagesets/AlfiskoSkin.png" />
		<Unit filename="../Assets/GUI/imagesets/Aliasing.jpg" />
		<Unit filename="../Assets/GUI/imagesets/BackgroundSampleBrowser.jpg" />
		<Unit filename="../Assets/GUI/imagesets/DriveIcons.imageset" />
		<Unit filename="../Assets/GUI/imagesets/DriveIcons.png" />
		<Unit filename="../Assets/GUI/imagesets/FOTDSkin.imageset" />
		<Unit filename="../Assets/GUI/imagesets/FOTDSkin.png" />
		<Unit filename="../Assets/GUI/imagesets/FairChar.imageset" />
		<Unit filename="../Assets/GUI/imagesets/FairChar.png" />
		<Unit filename="../Assets/GUI/imagesets/GameMenu.imageset" />
		<Unit filename="../Assets/GUI/imagesets/GameMenu.png" />
		<Unit filename="../Assets/GUI/imagesets/HUDDemo.imageset" />
		<Unit filename="../Assets/GUI/imagesets/HUDDemo.png" />
		<Unit filename="../Assets/GUI/imagesets/HUDDemoGameOver.png" />
		<Unit filename="../Assets/GUI/imagesets/OgreTray.imageset" />
		<Unit filename="../Assets/GUI/imagesets/OgreTrayImages.png" />
		<Unit filename="../Assets/GUI/imagesets/ReadMe.txt" />
		<Unit filename="../Assets/GUI/imagesets/SampleBrowser.imageset" />
		<Unit filename="../Assets/GUI/imagesets/SampleBrowser.png" />
		<Unit filename="../Assets/GUI/imagesets/SpaceBackground.jpg" />
		<Unit filename="../Assets/GUI/imagesets/TaharezLook.imageset" />
		<Unit filename="../Assets/GUI/imagesets/TaharezLook.png" />
		<Unit filename="../Assets/GUI/imagesets/Vanilla.imageset" />
		<Unit filename="../Assets/GUI/imagesets/WindowsLook.imageset" />
		<Unit filename="../Assets/GUI/imagesets/WindowsLook.png" />
		<Unit filename="../Assets/GUI/imagesets/logo.png" />
		<Unit filename="../Assets/GUI/imagesets/vanilla.png" />
		<Unit filename="../Assets/GUI/layouts/Console.wnd" />
		<Unit filename="../Assets/GUI/layouts/Demo8.layout" />
		<Unit filename="../Assets/GUI/layouts/DragDropDemo.layout" />
		<Unit filename="../Assets/GUI/layouts/EffectsDemo.layout" />
		<Unit filename="../Assets/GUI/layouts/FontDemo.layout" />
		<Unit filename="../Assets/GUI/layouts/GameMenu.layout" />
		<Unit filename="../Assets/GUI/layouts/HUDDemoGameOver.layout" />
		<Unit filename="../Assets/GUI/layouts/HUDDemoIngame.layout" />
		<Unit filename="../Assets/GUI/layouts/SampleBrowser.layout" />
		<Unit filename="../Assets/GUI/layouts/SampleBrowserLoadScreen.layout" />
		<Unit filename="../Assets/GUI/layouts/TabControlDemo.layout" />
		<Unit filename="../Assets/GUI/layouts/TabPage.layout" />
		<Unit filename="../Assets/GUI/layouts/TabPage1.layout" />
		<Unit filename="../Assets/GUI/layouts/TabPage1.layout.orig" />
		<Unit filename="../Assets/GUI/layouts/TabPage2.layout" />
		<Unit filename="../Assets/GUI/layouts/TextDemo.layout" />
		<Unit filename="../Assets/GUI/layouts/TreeDemoTaharez.layout" />
		<Unit filename="../Assets/GUI/layouts/VanillaConsole.layout" />
		<Unit filename="../Assets/GUI/layouts/VanillaWindows.layout" />
		<Unit filename="../Assets/GUI/looknfeel/AlfiskoSkin.looknfeel" />
		<Unit filename="../Assets/GUI/looknfeel/FOTDSkin.looknfeel" />
		<Unit filename="../Assets/GUI/looknfeel/GameMenu.looknfeel" />
		<Unit filename="../Assets/GUI/looknfeel/Generic.looknfeel" />
		<Unit filename="../Assets/GUI/looknfeel/HUDDemo.looknfeel" />
		<Unit filename="../Assets/GUI/looknfeel/Inherited.looknfeel" />
		<Unit filename="../Assets/GUI/looknfeel/InventoryComponents.looknfeel" />
		<Unit filename="../Assets/GUI/looknfeel/OgreTray.looknfeel" />
		<Unit filename="../Assets/GUI/looknfeel/SampleBrowser.looknfeel" />
		<Unit filename="../Assets/GUI/looknfeel/TaharezLook.looknfeel" />
		<Unit filename="../Assets/GUI/looknfeel/Vanilla.looknfeel" />
		<Unit filename="../Assets/GUI/looknfeel/VanillaCommonDialogs.looknfeel" />
		<Unit filename="../Assets/GUI/looknfeel/WindowsLook.looknfeel" />
		<Unit filename="../Assets/GUI/lua_scripts/demo8.lua" />
		<Unit filename="../Assets/GUI/schemes/AlfiskoSkin.scheme" />
		<Unit filename="../Assets/GUI/schemes/FOTDSkin.scheme" />
		<Unit filename="../Assets/GUI/schemes/GameMenu.scheme" />
		<Unit filename="../Assets/GUI/schemes/Generic.scheme" />
		<Unit filename="../Assets/GUI/schemes/HUDDemo.scheme" />
		<Unit filename="../Assets/GUI/schemes/OgreTray.scheme" />
		<Unit filename="../Assets/GUI/schemes/SampleBrowser.scheme" />
		<Unit filename="../Assets/GUI/schemes/TaharezLook.scheme" />
		<Unit filename="../Assets/GUI/schemes/TaharezLook.scheme.orig" />
		<Unit filename="../Assets/GUI/schemes/VanillaCommonDialogs.scheme" />
		<Unit filename="../Assets/GUI/schemes/VanillaCommonDialogs.scheme.orig" />
		<Unit filename="../Assets/GUI/schemes/VanillaSkin.scheme" />
		<Unit filename="../Assets/GUI/schemes/WindowsLook.scheme" />
		<Unit filename="../Assets/GUI/xml_schemas/Animation.xsd" />
		<Unit filename="../Assets/GUI/xml_schemas/CEGUIConfig.xsd" />
		<Unit filename="../Assets/GUI/xml_schemas/Falagard.xsd" />
		<Unit filename="../Assets/GUI/xml_schemas/Font.xsd" />
		<Unit filename="../Assets/GUI/xml_schemas/GUILayout.xsd" />
		<Unit filename="../Assets/GUI/xml_schemas/GUIScheme.xsd" />
		<Unit filename="../Assets/GUI/xml_schemas/Imageset.xsd" />
		<Unit filename="../Assets/GUI/xml_schemas/Samples.xsd" />
		<Unit filename="../Assets/Music/Readme.txt" />
		<Unit filename="../Assets/Questing/DialogueList.txt" />
		<Unit filename="../Assets/Questing/FlagList.txt" />
		<Unit filename="../Assets/Readme.txt" />
		<Unit filename="../Assets/Shaders/textureShading.frag" />
		<Unit filename="../Assets/Shaders/textureShading.vert" />
		<Unit filename="../Assets/Shaders/uiShader.frag" />
		<Unit filename="../Assets/Shaders/uiShader.vert" />
		<Unit filename="../Assets/Sounds/Readme.txt" />
		<Unit filename="../Assets/Textures/Blocks/Dirt.png" />
		<Unit filename="../Assets/Textures/Blocks/Grass.png" />
		<Unit filename="../Assets/Textures/Items/Sword0.png" />
		<Unit filename="../Assets/Textures/MainMenuBackgrounds/Texture1.png" />
		<Unit filename="../Assets/Textures/MainMenuBackgrounds/Texture2.png" />
		<Unit filename="../Assets/Textures/MainMenuBackgrounds/Texture3.png" />
		<Unit filename="../Assets/Textures/Mobs/Mob0.png" />
		<Unit filename="../Assets/Textures/StartupScreens/Studio/Logo.png" />
		<Unit filename="App.cpp" />
		<Unit filename="App.h" />
		<Unit filename="AudioManager.cpp" />
		<Unit filename="AudioManager.h" />
		<Unit filename="Block.cpp" />
		<Unit filename="Block.h" />
		<Unit filename="Blocks.cpp" />
		<Unit filename="Blocks.h" />
		<Unit filename="Categories.h" />
		<Unit filename="Chunk.cpp" />
		<Unit filename="Chunk.h" />
		<Unit filename="Devlog FOTD Start Oct 9 2017" />
		<Unit filename="Entities/EntityFunctions.cpp" />
		<Unit filename="Entities/EntityFunctions.h" />
		<Unit filename="Entities/TalkingNPC.cpp" />
		<Unit filename="Entities/TalkingNPC.h" />
		<Unit filename="Entity.cpp" />
		<Unit filename="Entity.h" />
		<Unit filename="EntityManager.cpp" />
		<Unit filename="EntityManager.h" />
		<Unit filename="GameplayScreen.cpp" />
		<Unit filename="GameplayScreen.h" />
		<Unit filename="Inventory.cpp" />
		<Unit filename="Inventory.h" />
		<Unit filename="Item.cpp" />
		<Unit filename="Item.h" />
		<Unit filename="ItemBlock.cpp" />
		<Unit filename="ItemBlock.h" />
		<Unit filename="Items/BlockItem.h" />
		<Unit filename="LoadScreen.cpp" />
		<Unit filename="LoadScreen.h" />
		<Unit filename="Main.cpp" />
		<Unit filename="Main.h" />
		<Unit filename="MainMenuScreen.cpp" />
		<Unit filename="MainMenuScreen.h" />
		<Unit filename="OptionsMenuScreen.cpp" />
		<Unit filename="OptionsMenuScreen.h" />
		<Unit filename="PerlinNoise/PerlinNoise.cpp" />
		<Unit filename="PerlinNoise/PerlinNoise.h" />
		<Unit filename="PerlinNoise/ppm.cpp" />
		<Unit filename="PerlinNoise/ppm.h" />
		<Unit filename="Physics.h" />
		<Unit filename="Player.cpp" />
		<Unit filename="Player.h" />
		<Unit filename="PresetValues.h" />
		<Unit filename="QuestClasses.h" />
		<Unit filename="QuestManager.cpp" />
		<Unit filename="QuestManager.h" />
		<Unit filename="ScreenIndices.h" />
		<Unit filename="Scripting/ScriptQueue.h" />
		<Unit filename="Scripting/ScripterMain.cpp" />
		<Unit filename="Scripting/ScripterMain.h" />
		<Unit filename="StartupScreen.cpp" />
		<Unit filename="StartupScreen.h" />
		<Unit filename="Tile.cpp" />
		<Unit filename="Tile.h" />
		<Unit filename="WorldIOManager.cpp" />
		<Unit filename="WorldIOManager.h" />
		<Unit filename="WorldManager.cpp" />
		<Unit filename="WorldManager.h" />
		<Extensions>
			<code_completion />
			<debugger />
			<envvars />
		</Extensions>
	</Project>
</CodeBlocks_project_file>
